// !$*UTF8*$!
{
	archiveVersion = 1;
	classes = {
	};
	objectVersion = 55;
	objects = {

/* Begin PBXBuildFile section */
		06983B44271E61BA00527FB6 /* AppDelegate.swift in Sources */ = {isa = PBXBuildFile; fileRef = 06983B43271E61BA00527FB6 /* AppDelegate.swift */; };
		06983B46271E61BA00527FB6 /* SceneDelegate.swift in Sources */ = {isa = PBXBuildFile; fileRef = 06983B45271E61BA00527FB6 /* SceneDelegate.swift */; };
		06983B48271E61BA00527FB6 /* ViewController.swift in Sources */ = {isa = PBXBuildFile; fileRef = 06983B47271E61BA00527FB6 /* ViewController.swift */; };
		06983B4B271E61BA00527FB6 /* Main.storyboard in Resources */ = {isa = PBXBuildFile; fileRef = 06983B49271E61BA00527FB6 /* Main.storyboard */; };
		06983B4D271E61BD00527FB6 /* Assets.xcassets in Resources */ = {isa = PBXBuildFile; fileRef = 06983B4C271E61BD00527FB6 /* Assets.xcassets */; };
		06983B50271E61BD00527FB6 /* LaunchScreen.storyboard in Resources */ = {isa = PBXBuildFile; fileRef = 06983B4E271E61BD00527FB6 /* LaunchScreen.storyboard */; };
		06983B5B271E61BD00527FB6 /* Favorite_Movies_ListTests.swift in Sources */ = {isa = PBXBuildFile; fileRef = 06983B5A271E61BD00527FB6 /* Favorite_Movies_ListTests.swift */; };
		06983B65271E61BD00527FB6 /* Favorite_Movies_ListUITests.swift in Sources */ = {isa = PBXBuildFile; fileRef = 06983B64271E61BD00527FB6 /* Favorite_Movies_ListUITests.swift */; };
		06983B67271E61BD00527FB6 /* Favorite_Movies_ListUITestsLaunchTests.swift in Sources */ = {isa = PBXBuildFile; fileRef = 06983B66271E61BD00527FB6 /* Favorite_Movies_ListUITestsLaunchTests.swift */; };
		06983B74271E688A00527FB6 /* ViewController2.swift in Sources */ = {isa = PBXBuildFile; fileRef = 06983B73271E688A00527FB6 /* ViewController2.swift */; };
		11866EE027204601001FDB82 /* ViewController3.swift in Sources */ = {isa = PBXBuildFile; fileRef = 11866EDF27204601001FDB82 /* ViewController3.swift */; };
		11F88DB1271EF59C006FA5D9 /* MovieClass.swift in Sources */ = {isa = PBXBuildFile; fileRef = 11F88DB0271EF59C006FA5D9 /* MovieClass.swift */; };
/* End PBXBuildFile section */

/* Begin PBXContainerItemProxy section */
		06983B57271E61BD00527FB6 /* PBXContainerItemProxy */ = {
			isa = PBXContainerItemProxy;
			containerPortal = 06983B38271E61BA00527FB6 /* Project object */;
			proxyType = 1;
			remoteGlobalIDString = 06983B3F271E61BA00527FB6;
			remoteInfo = "Favorite Movies List";
		};
		06983B61271E61BD00527FB6 /* PBXContainerItemProxy */ = {
			isa = PBXContainerItemProxy;
			containerPortal = 06983B38271E61BA00527FB6 /* Project object */;
			proxyType = 1;
			remoteGlobalIDString = 06983B3F271E61BA00527FB6;
			remoteInfo = "Favorite Movies List";
		};
/* End PBXContainerItemProxy section */

/* Begin PBXFileReference section */
		06983B40271E61BA00527FB6 /* Favorite Movies List.app */ = {isa = PBXFileReference; explicitFileType = wrapper.application; includeInIndex = 0; path = "Favorite Movies List.app"; sourceTree = BUILT_PRODUCTS_DIR; };
		06983B43271E61BA00527FB6 /* AppDelegate.swift */ = {isa = PBXFileReference; lastKnownFileType = sourcecode.swift; path = AppDelegate.swift; sourceTree = "<group>"; };
		06983B45271E61BA00527FB6 /* SceneDelegate.swift */ = {isa = PBXFileReference; lastKnownFileType = sourcecode.swift; path = SceneDelegate.swift; sourceTree = "<group>"; };
		06983B47271E61BA00527FB6 /* ViewController.swift */ = {isa = PBXFileReference; lastKnownFileType = sourcecode.swift; path = ViewController.swift; sourceTree = "<group>"; };
		06983B4A271E61BA00527FB6 /* Base */ = {isa = PBXFileReference; lastKnownFileType = file.storyboard; name = Base; path = Base.lproj/Main.storyboard; sourceTree = "<group>"; };
		06983B4C271E61BD00527FB6 /* Assets.xcassets */ = {isa = PBXFileReference; lastKnownFileType = folder.assetcatalog; path = Assets.xcassets; sourceTree = "<group>"; };
		06983B4F271E61BD00527FB6 /* Base */ = {isa = PBXFileReference; lastKnownFileType = file.storyboard; name = Base; path = Base.lproj/LaunchScreen.storyboard; sourceTree = "<group>"; };
		06983B51271E61BD00527FB6 /* Info.plist */ = {isa = PBXFileReference; lastKnownFileType = text.plist.xml; path = Info.plist; sourceTree = "<group>"; };
		06983B56271E61BD00527FB6 /* Favorite Movies ListTests.xctest */ = {isa = PBXFileReference; explicitFileType = wrapper.cfbundle; includeInIndex = 0; path = "Favorite Movies ListTests.xctest"; sourceTree = BUILT_PRODUCTS_DIR; };
		06983B5A271E61BD00527FB6 /* Favorite_Movies_ListTests.swift */ = {isa = PBXFileReference; lastKnownFileType = sourcecode.swift; path = Favorite_Movies_ListTests.swift; sourceTree = "<group>"; };
		06983B60271E61BD00527FB6 /* Favorite Movies ListUITests.xctest */ = {isa = PBXFileReference; explicitFileType = wrapper.cfbundle; includeInIndex = 0; path = "Favorite Movies ListUITests.xctest"; sourceTree = BUILT_PRODUCTS_DIR; };
		06983B64271E61BD00527FB6 /* Favorite_Movies_ListUITests.swift */ = {isa = PBXFileReference; lastKnownFileType = sourcecode.swift; path = Favorite_Movies_ListUITests.swift; sourceTree = "<group>"; };
		06983B66271E61BD00527FB6 /* Favorite_Movies_ListUITestsLaunchTests.swift */ = {isa = PBXFileReference; lastKnownFileType = sourcecode.swift; path = Favorite_Movies_ListUITestsLaunchTests.swift; sourceTree = "<group>"; };
		06983B73271E688A00527FB6 /* ViewController2.swift */ = {isa = PBXFileReference; lastKnownFileType = sourcecode.swift; path = ViewController2.swift; sourceTree = "<group>"; };
		11866EDF27204601001FDB82 /* ViewController3.swift */ = {isa = PBXFileReference; lastKnownFileType = sourcecode.swift; path = ViewController3.swift; sourceTree = "<group>"; };
		11F88DB0271EF59C006FA5D9 /* MovieClass.swift */ = {isa = PBXFileReference; lastKnownFileType = sourcecode.swift; path = MovieClass.swift; sourceTree = "<group>"; };
/* End PBXFileReference section */

/* Begin PBXFrameworksBuildPhase section */
		06983B3D271E61BA00527FB6 /* Frameworks */ = {
			isa = PBXFrameworksBuildPhase;
			buildActionMask = 2147483647;
			files = (
			);
			runOnlyForDeploymentPostprocessing = 0;
		};
		06983B53271E61BD00527FB6 /* Frameworks */ = {
			isa = PBXFrameworksBuildPhase;
			buildActionMask = 2147483647;
			files = (
			);
			runOnlyForDeploymentPostprocessing = 0;
		};
		06983B5D271E61BD00527FB6 /* Frameworks */ = {
			isa = PBXFrameworksBuildPhase;
			buildActionMask = 2147483647;
			files = (
			);
			runOnlyForDeploymentPostprocessing = 0;
		};
/* End PBXFrameworksBuildPhase section */

/* Begin PBXGroup section */
		06983B37271E61BA00527FB6 = {
			isa = PBXGroup;
			children = (
				06983B42271E61BA00527FB6 /* Favorite Movies List */,
				06983B59271E61BD00527FB6 /* Favorite Movies ListTests */,
				06983B63271E61BD00527FB6 /* Favorite Movies ListUITests */,
				06983B41271E61BA00527FB6 /* Products */,
			);
			sourceTree = "<group>";
		};
		06983B41271E61BA00527FB6 /* Products */ = {
			isa = PBXGroup;
			children = (
				06983B40271E61BA00527FB6 /* Favorite Movies List.app */,
				06983B56271E61BD00527FB6 /* Favorite Movies ListTests.xctest */,
				06983B60271E61BD00527FB6 /* Favorite Movies ListUITests.xctest */,
			);
			name = Products;
			sourceTree = "<group>";
		};
		06983B42271E61BA00527FB6 /* Favorite Movies List */ = {
			isa = PBXGroup;
			children = (
				06983B43271E61BA00527FB6 /* AppDelegate.swift */,
				06983B45271E61BA00527FB6 /* SceneDelegate.swift */,
				06983B47271E61BA00527FB6 /* ViewController.swift */,
				06983B49271E61BA00527FB6 /* Main.storyboard */,
				11866EDF27204601001FDB82 /* ViewController3.swift */,
				11F88DB0271EF59C006FA5D9 /* MovieClass.swift */,
				06983B73271E688A00527FB6 /* ViewController2.swift */,
				06983B4C271E61BD00527FB6 /* Assets.xcassets */,
				06983B4E271E61BD00527FB6 /* LaunchScreen.storyboard */,
				06983B51271E61BD00527FB6 /* Info.plist */,
			);
			path = "Favorite Movies List";
			sourceTree = "<group>";
		};
		06983B59271E61BD00527FB6 /* Favorite Movies ListTests */ = {
			isa = PBXGroup;
			children = (
				06983B5A271E61BD00527FB6 /* Favorite_Movies_ListTests.swift */,
			);
			path = "Favorite Movies ListTests";
			sourceTree = "<group>";
		};
		06983B63271E61BD00527FB6 /* Favorite Movies ListUITests */ = {
			isa = PBXGroup;
			children = (
				06983B64271E61BD00527FB6 /* Favorite_Movies_ListUITests.swift */,
				06983B66271E61BD00527FB6 /* Favorite_Movies_ListUITestsLaunchTests.swift */,
			);
			path = "Favorite Movies ListUITests";
			sourceTree = "<group>";
		};
/* End PBXGroup section */

/* Begin PBXNativeTarget section */
		06983B3F271E61BA00527FB6 /* Favorite Movies List */ = {
			isa = PBXNativeTarget;
			buildConfigurationList = 06983B6A271E61BD00527FB6 /* Build configuration list for PBXNativeTarget "Favorite Movies List" */;
			buildPhases = (
				06983B3C271E61BA00527FB6 /* Sources */,
				06983B3D271E61BA00527FB6 /* Frameworks */,
				06983B3E271E61BA00527FB6 /* Resources */,
			);
			buildRules = (
			);
			dependencies = (
			);
			name = "Favorite Movies List";
			productName = "Favorite Movies List";
			productReference = 06983B40271E61BA00527FB6 /* Favorite Movies List.app */;
			productType = "com.apple.product-type.application";
		};
		06983B55271E61BD00527FB6 /* Favorite Movies ListTests */ = {
			isa = PBXNativeTarget;
			buildConfigurationList = 06983B6D271E61BD00527FB6 /* Build configuration list for PBXNativeTarget "Favorite Movies ListTests" */;
			buildPhases = (
				06983B52271E61BD00527FB6 /* Sources */,
				06983B53271E61BD00527FB6 /* Frameworks */,
				06983B54271E61BD00527FB6 /* Resources */,
			);
			buildRules = (
			);
			dependencies = (
				06983B58271E61BD00527FB6 /* PBXTargetDependency */,
			);
			name = "Favorite Movies ListTests";
			productName = "Favorite Movies ListTests";
			productReference = 06983B56271E61BD00527FB6 /* Favorite Movies ListTests.xctest */;
			productType = "com.apple.product-type.bundle.unit-test";
		};
		06983B5F271E61BD00527FB6 /* Favorite Movies ListUITests */ = {
			isa = PBXNativeTarget;
			buildConfigurationList = 06983B70271E61BD00527FB6 /* Build configuration list for PBXNativeTarget "Favorite Movies ListUITests" */;
			buildPhases = (
				06983B5C271E61BD00527FB6 /* Sources */,
				06983B5D271E61BD00527FB6 /* Frameworks */,
				06983B5E271E61BD00527FB6 /* Resources */,
			);
			buildRules = (
			);
			dependencies = (
				06983B62271E61BD00527FB6 /* PBXTargetDependency */,
			);
			name = "Favorite Movies ListUITests";
			productName = "Favorite Movies ListUITests";
			productReference = 06983B60271E61BD00527FB6 /* Favorite Movies ListUITests.xctest */;
			productType = "com.apple.product-type.bundle.ui-testing";
		};
/* End PBXNativeTarget section */

/* Begin PBXProject section */
		06983B38271E61BA00527FB6 /* Project object */ = {
			isa = PBXProject;
			attributes = {
				BuildIndependentTargetsInParallel = 1;
				LastSwiftUpdateCheck = 1300;
				LastUpgradeCheck = 1300;
				TargetAttributes = {
					06983B3F271E61BA00527FB6 = {
						CreatedOnToolsVersion = 13.0;
					};
					06983B55271E61BD00527FB6 = {
						CreatedOnToolsVersion = 13.0;
						TestTargetID = 06983B3F271E61BA00527FB6;
					};
					06983B5F271E61BD00527FB6 = {
						CreatedOnToolsVersion = 13.0;
						TestTargetID = 06983B3F271E61BA00527FB6;
					};
				};
			};
			buildConfigurationList = 06983B3B271E61BA00527FB6 /* Build configuration list for PBXProject "Favorite Movies List" */;
			compatibilityVersion = "Xcode 13.0";
			developmentRegion = en;
			hasScannedForEncodings = 0;
			knownRegions = (
				en,
				Base,
			);
			mainGroup = 06983B37271E61BA00527FB6;
			productRefGroup = 06983B41271E61BA00527FB6 /* Products */;
			projectDirPath = "";
			projectRoot = "";
			targets = (
				06983B3F271E61BA00527FB6 /* Favorite Movies List */,
				06983B55271E61BD00527FB6 /* Favorite Movies ListTests */,
				06983B5F271E61BD00527FB6 /* Favorite Movies ListUITests */,
			);
		};
/* End PBXProject section */

/* Begin PBXResourcesBuildPhase section */
		06983B3E271E61BA00527FB6 /* Resources */ = {
			isa = PBXResourcesBuildPhase;
			buildActionMask = 2147483647;
			files = (
				06983B50271E61BD00527FB6 /* LaunchScreen.storyboard in Resources */,
				06983B4D271E61BD00527FB6 /* Assets.xcassets in Resources */,
				06983B4B271E61BA00527FB6 /* Main.storyboard in Resources */,
			);
			runOnlyForDeploymentPostprocessing = 0;
		};
		06983B54271E61BD00527FB6 /* Resources */ = {
			isa = PBXResourcesBuildPhase;
			buildActionMask = 2147483647;
			files = (
			);
			runOnlyForDeploymentPostprocessing = 0;
		};
		06983B5E271E61BD00527FB6 /* Resources */ = {
			isa = PBXResourcesBuildPhase;
			buildActionMask = 2147483647;
			files = (
			);
			runOnlyForDeploymentPostprocessing = 0;
		};
/* End PBXResourcesBuildPhase section */

/* Begin PBXSourcesBuildPhase section */
		06983B3C271E61BA00527FB6 /* Sources */ = {
			isa = PBXSourcesBuildPhase;
			buildActionMask = 2147483647;
			files = (
				06983B48271E61BA00527FB6 /* ViewController.swift in Sources */,
				06983B74271E688A00527FB6 /* ViewController2.swift in Sources */,
				11866EE027204601001FDB82 /* ViewController3.swift in Sources */,
				06983B44271E61BA00527FB6 /* AppDelegate.swift in Sources */,
				11F88DB1271EF59C006FA5D9 /* MovieClass.swift in Sources */,
				06983B46271E61BA00527FB6 /* SceneDelegate.swift in Sources */,
			);
			runOnlyForDeploymentPostprocessing = 0;
		};
		06983B52271E61BD00527FB6 /* Sources */ = {
			isa = PBXSourcesBuildPhase;
			buildActionMask = 2147483647;
			files = (
				06983B5B271E61BD00527FB6 /* Favorite_Movies_ListTests.swift in Sources */,
			);
			runOnlyForDeploymentPostprocessing = 0;
		};
		06983B5C271E61BD00527FB6 /* Sources */ = {
			isa = PBXSourcesBuildPhase;
			buildActionMask = 2147483647;
			files = (
				06983B65271E61BD00527FB6 /* Favorite_Movies_ListUITests.swift in Sources */,
				06983B67271E61BD00527FB6 /* Favorite_Movies_ListUITestsLaunchTests.swift in Sources */,
			);
			runOnlyForDeploymentPostprocessing = 0;
		};
/* End PBXSourcesBuildPhase section */

/* Begin PBXTargetDependency section */
		06983B58271E61BD00527FB6 /* PBXTargetDependency */ = {
			isa = PBXTargetDependency;
			target = 06983B3F271E61BA00527FB6 /* Favorite Movies List */;
			targetProxy = 06983B57271E61BD00527FB6 /* PBXContainerItemProxy */;
		};
		06983B62271E61BD00527FB6 /* PBXTargetDependency */ = {
			isa = PBXTargetDependency;
			target = 06983B3F271E61BA00527FB6 /* Favorite Movies List */;
			targetProxy = 06983B61271E61BD00527FB6 /* PBXContainerItemProxy */;
		};
/* End PBXTargetDependency section */

/* Begin PBXVariantGroup section */
		06983B49271E61BA00527FB6 /* Main.storyboard */ = {
			isa = PBXVariantGroup;
			children = (
				06983B4A271E61BA00527FB6 /* Base */,
			);
			name = Main.storyboard;
			sourceTree = "<group>";
		};
		06983B4E271E61BD00527FB6 /* LaunchScreen.storyboard */ = {
			isa = PBXVariantGroup;
			children = (
				06983B4F271E61BD00527FB6 /* Base */,
			);
			name = LaunchScreen.storyboard;
			sourceTree = "<group>";
		};
/* End PBXVariantGroup section */

/* Begin XCBuildConfiguration section */
		06983B68271E61BD00527FB6 /* Debug */ = {
			isa = XCBuildConfiguration;
			buildSettings = {
				ALWAYS_SEARCH_USER_PATHS = NO;
				CLANG_ANALYZER_NONNULL = YES;
				CLANG_ANALYZER_NUMBER_OBJECT_CONVERSION = YES_AGGRESSIVE;
				CLANG_CXX_LANGUAGE_STANDARD = "gnu++17";
				CLANG_CXX_LIBRARY = "libc++";
				CLANG_ENABLE_MODULES = YES;
				CLANG_ENABLE_OBJC_ARC = YES;
				CLANG_ENABLE_OBJC_WEAK = YES;
				CLANG_WARN_BLOCK_CAPTURE_AUTORELEASING = YES;
				CLANG_WARN_BOOL_CONVERSION = YES;
				CLANG_WARN_COMMA = YES;
				CLANG_WARN_CONSTANT_CONVERSION = YES;
				CLANG_WARN_DEPRECATED_OBJC_IMPLEMENTATIONS = YES;
				CLANG_WARN_DIRECT_OBJC_ISA_USAGE = YES_ERROR;
				CLANG_WARN_DOCUMENTATION_COMMENTS = YES;
				CLANG_WARN_EMPTY_BODY = YES;
				CLANG_WARN_ENUM_CONVERSION = YES;
				CLANG_WARN_INFINITE_RECURSION = YES;
				CLANG_WARN_INT_CONVERSION = YES;
				CLANG_WARN_NON_LITERAL_NULL_CONVERSION = YES;
				CLANG_WARN_OBJC_IMPLICIT_RETAIN_SELF = YES;
				CLANG_WARN_OBJC_LITERAL_CONVERSION = YES;
				CLANG_WARN_OBJC_ROOT_CLASS = YES_ERROR;
				CLANG_WARN_QUOTED_INCLUDE_IN_FRAMEWORK_HEADER = YES;
				CLANG_WARN_RANGE_LOOP_ANALYSIS = YES;
				CLANG_WARN_STRICT_PROTOTYPES = YES;
				CLANG_WARN_SUSPICIOUS_MOVE = YES;
				CLANG_WARN_UNGUARDED_AVAILABILITY = YES_AGGRESSIVE;
				CLANG_WARN_UNREACHABLE_CODE = YES;
				CLANG_WARN__DUPLICATE_METHOD_MATCH = YES;
				COPY_PHASE_STRIP = NO;
				DEBUG_INFORMATION_FORMAT = dwarf;
				ENABLE_STRICT_OBJC_MSGSEND = YES;
				ENABLE_TESTABILITY = YES;
				GCC_C_LANGUAGE_STANDARD = gnu11;
				GCC_DYNAMIC_NO_PIC = NO;
				GCC_NO_COMMON_BLOCKS = YES;
				GCC_OPTIMIZATION_LEVEL = 0;
				GCC_PREPROCESSOR_DEFINITIONS = (
					"DEBUG=1",
					"$(inherited)",
				);
				GCC_WARN_64_TO_32_BIT_CONVERSION = YES;
				GCC_WARN_ABOUT_RETURN_TYPE = YES_ERROR;
				GCC_WARN_UNDECLARED_SELECTOR = YES;
				GCC_WARN_UNINITIALIZED_AUTOS = YES_AGGRESSIVE;
				GCC_WARN_UNUSED_FUNCTION = YES;
				GCC_WARN_UNUSED_VARIABLE = YES;
				IPHONEOS_DEPLOYMENT_TARGET = 15.0;
				MTL_ENABLE_DEBUG_INFO = INCLUDE_SOURCE;
				MTL_FAST_MATH = YES;
				ONLY_ACTIVE_ARCH = YES;
				SDKROOT = iphoneos;
				SWIFT_ACTIVE_COMPILATION_CONDITIONS = DEBUG;
				SWIFT_OPTIMIZATION_LEVEL = "-Onone";
			};
			name = Debug;
		};
		06983B69271E61BD00527FB6 /* Release */ = {
			isa = XCBuildConfiguration;
			buildSettings = {
				ALWAYS_SEARCH_USER_PATHS = NO;
				CLANG_ANALYZER_NONNULL = YES;
				CLANG_ANALYZER_NUMBER_OBJECT_CONVERSION = YES_AGGRESSIVE;
				CLANG_CXX_LANGUAGE_STANDARD = "gnu++17";
				CLANG_CXX_LIBRARY = "libc++";
				CLANG_ENABLE_MODULES = YES;
				CLANG_ENABLE_OBJC_ARC = YES;
				CLANG_ENABLE_OBJC_WEAK = YES;
				CLANG_WARN_BLOCK_CAPTURE_AUTORELEASING = YES;
				CLANG_WARN_BOOL_CONVERSION = YES;
				CLANG_WARN_COMMA = YES;
				CLANG_WARN_CONSTANT_CONVERSION = YES;
				CLANG_WARN_DEPRECATED_OBJC_IMPLEMENTATIONS = YES;
				CLANG_WARN_DIRECT_OBJC_ISA_USAGE = YES_ERROR;
				CLANG_WARN_DOCUMENTATION_COMMENTS = YES;
				CLANG_WARN_EMPTY_BODY = YES;
				CLANG_WARN_ENUM_CONVERSION = YES;
				CLANG_WARN_INFINITE_RECURSION = YES;
				CLANG_WARN_INT_CONVERSION = YES;
				CLANG_WARN_NON_LITERAL_NULL_CONVERSION = YES;
				CLANG_WARN_OBJC_IMPLICIT_RETAIN_SELF = YES;
				CLANG_WARN_OBJC_LITERAL_CONVERSION = YES;
				CLANG_WARN_OBJC_ROOT_CLASS = YES_ERROR;
				CLANG_WARN_QUOTED_INCLUDE_IN_FRAMEWORK_HEADER = YES;
				CLANG_WARN_RANGE_LOOP_ANALYSIS = YES;
				CLANG_WARN_STRICT_PROTOTYPES = YES;
				CLANG_WARN_SUSPICIOUS_MOVE = YES;
				CLANG_WARN_UNGUARDED_AVAILABILITY = YES_AGGRESSIVE;
				CLANG_WARN_UNREACHABLE_CODE = YES;
				CLANG_WARN__DUPLICATE_METHOD_MATCH = YES;
				COPY_PHASE_STRIP = NO;
				DEBUG_INFORMATION_FORMAT = "dwarf-with-dsym";
				ENABLE_NS_ASSERTIONS = NO;
				ENABLE_STRICT_OBJC_MSGSEND = YES;
				GCC_C_LANGUAGE_STANDARD = gnu11;
				GCC_NO_COMMON_BLOCKS = YES;
				GCC_WARN_64_TO_32_BIT_CONVERSION = YES;
				GCC_WARN_ABOUT_RETURN_TYPE = YES_ERROR;
				GCC_WARN_UNDECLARED_SELECTOR = YES;
				GCC_WARN_UNINITIALIZED_AUTOS = YES_AGGRESSIVE;
				GCC_WARN_UNUSED_FUNCTION = YES;
				GCC_WARN_UNUSED_VARIABLE = YES;
				IPHONEOS_DEPLOYMENT_TARGET = 15.0;
				MTL_ENABLE_DEBUG_INFO = NO;
				MTL_FAST_MATH = YES;
				SDKROOT = iphoneos;
				SWIFT_COMPILATION_MODE = wholemodule;
				SWIFT_OPTIMIZATION_LEVEL = "-O";
				VALIDATE_PRODUCT = YES;
			};
			name = Release;
		};
		06983B6B271E61BD00527FB6 /* Debug */ = {
			isa = XCBuildConfiguration;
			buildSettings = {
				ASSETCATALOG_COMPILER_APPICON_NAME = AppIcon;
				ASSETCATALOG_COMPILER_GLOBAL_ACCENT_COLOR_NAME = AccentColor;
				CODE_SIGN_STYLE = Automatic;
				CURRENT_PROJECT_VERSION = 1;
				DEVELOPMENT_TEAM = XFUR3T8U8Y;
				GENERATE_INFOPLIST_FILE = YES;
				INFOPLIST_FILE = "Favorite Movies List/Info.plist";
				INFOPLIST_KEY_UIApplicationSupportsIndirectInputEvents = YES;
				INFOPLIST_KEY_UILaunchStoryboardName = LaunchScreen;
				INFOPLIST_KEY_UIMainStoryboardFile = Main;
				INFOPLIST_KEY_UISupportedInterfaceOrientations_iPad = "UIInterfaceOrientationPortrait UIInterfaceOrientationPortraitUpsideDown UIInterfaceOrientationLandscapeLeft UIInterfaceOrientationLandscapeRight";
				INFOPLIST_KEY_UISupportedInterfaceOrientations_iPhone = "UIInterfaceOrientationPortrait UIInterfaceOrientationLandscapeLeft UIInterfaceOrientationLandscapeRight";
				LD_RUNPATH_SEARCH_PATHS = (
					"$(inherited)",
					"@executable_path/Frameworks",
				);
				MARKETING_VERSION = 1.0;
				PRODUCT_BUNDLE_IDENTIFIER = "clc.Favorite-Movies-List";
				PRODUCT_NAME = "$(TARGET_NAME)";
				SWIFT_EMIT_LOC_STRINGS = YES;
				SWIFT_VERSION = 5.0;
				TARGETED_DEVICE_FAMILY = "1,2";
			};
			name = Debug;
		};
		06983B6C271E61BD00527FB6 /* Release */ = {
			isa = XCBuildConfiguration;
			buildSettings = {
				ASSETCATALOG_COMPILER_APPICON_NAME = AppIcon;
				ASSETCATALOG_COMPILER_GLOBAL_ACCENT_COLOR_NAME = AccentColor;
				CODE_SIGN_STYLE = Automatic;
				CURRENT_PROJECT_VERSION = 1;
				DEVELOPMENT_TEAM = XFUR3T8U8Y;
				GENERATE_INFOPLIST_FILE = YES;
				INFOPLIST_FILE = "Favorite Movies List/Info.plist";
				INFOPLIST_KEY_UIApplicationSupportsIndirectInputEvents = YES;
				INFOPLIST_KEY_UILaunchStoryboardName = LaunchScreen;
				INFOPLIST_KEY_UIMainStoryboardFile = Main;
				INFOPLIST_KEY_UISupportedInterfaceOrientations_iPad = "UIInterfaceOrientationPortrait UIInterfaceOrientationPortraitUpsideDown UIInterfaceOrientationLandscapeLeft UIInterfaceOrientationLandscapeRight";
				INFOPLIST_KEY_UISupportedInterfaceOrientations_iPhone = "UIInterfaceOrientationPortrait UIInterfaceOrientationLandscapeLeft UIInterfaceOrientationLandscapeRight";
				LD_RUNPATH_SEARCH_PATHS = (
					"$(inherited)",
					"@executable_path/Frameworks",
				);
				MARKETING_VERSION = 1.0;
				PRODUCT_BUNDLE_IDENTIFIER = "clc.Favorite-Movies-List";
				PRODUCT_NAME = "$(TARGET_NAME)";
				SWIFT_EMIT_LOC_STRINGS = YES;
				SWIFT_VERSION = 5.0;
				TARGETED_DEVICE_FAMILY = "1,2";
			};
			name = Release;
		};
		06983B6E271E61BD00527FB6 /* Debug */ = {
			isa = XCBuildConfiguration;
			buildSettings = {
				ALWAYS_EMBED_SWIFT_STANDARD_LIBRARIES = YES;
				BUNDLE_LOADER = "$(TEST_HOST)";
				CODE_SIGN_STYLE = Automatic;
				CURRENT_PROJECT_VERSION = 1;
				DEVELOPMENT_TEAM = XFUR3T8U8Y;
				GENERATE_INFOPLIST_FILE = YES;
				IPHONEOS_DEPLOYMENT_TARGET = 15.0;
				LD_RUNPATH_SEARCH_PATHS = (
					"$(inherited)",
					"@executable_path/Frameworks",
					"@loader_path/Frameworks",
				);
				MARKETING_VERSION = 1.0;
				PRODUCT_BUNDLE_IDENTIFIER = "clc.Favorite-Movies-ListTests";
				PRODUCT_NAME = "$(TARGET_NAME)";
				SWIFT_EMIT_LOC_STRINGS = NO;
				SWIFT_VERSION = 5.0;
				TARGETED_DEVICE_FAMILY = "1,2";
				TEST_HOST = "$(BUILT_PRODUCTS_DIR)/Favorite Movies List.app/Favorite Movies List";
			};
			name = Debug;
		};
		06983B6F271E61BD00527FB6 /* Release */ = {
			isa = XCBuildConfiguration;
			buildSettings = {
				ALWAYS_EMBED_SWIFT_STANDARD_LIBRARIES = YES;
				BUNDLE_LOADER = "$(TEST_HOST)";
				CODE_SIGN_STYLE = Automatic;
				CURRENT_PROJECT_VERSION = 1;
				DEVELOPMENT_TEAM = XFUR3T8U8Y;
				GENERATE_INFOPLIST_FILE = YES;
				IPHONEOS_DEPLOYMENT_TARGET = 15.0;
				LD_RUNPATH_SEARCH_PATHS = (
					"$(inherited)",
					"@executable_path/Frameworks",
					"@loader_path/Frameworks",
				);
				MARKETING_VERSION = 1.0;
				PRODUCT_BUNDLE_IDENTIFIER = "clc.Favorite-Movies-ListTests";
				PRODUCT_NAME = "$(TARGET_NAME)";
				SWIFT_EMIT_LOC_STRINGS = NO;
				SWIFT_VERSION = 5.0;
				TARGETED_DEVICE_FAMILY = "1,2";
				TEST_HOST = "$(BUILT_PRODUCTS_DIR)/Favorite Movies List.app/Favorite Movies List";
			};
			name = Release;
		};
		06983B71271E61BD00527FB6 /* Debug */ = {
			isa = XCBuildConfiguration;
			buildSettings = {
				ALWAYS_EMBED_SWIFT_STANDARD_LIBRARIES = YES;
				CODE_SIGN_STYLE = Automatic;
				CURRENT_PROJECT_VERSION = 1;
				DEVELOPMENT_TEAM = XFUR3T8U8Y;
				GENERATE_INFOPLIST_FILE = YES;
				LD_RUNPATH_SEARCH_PATHS = (
					"$(inherited)",
					"@executable_path/Frameworks",
					"@loader_path/Frameworks",
				);
				MARKETING_VERSION = 1.0;
				PRODUCT_BUNDLE_IDENTIFIER = "clc.Favorite-Movies-ListUITests";
				PRODUCT_NAME = "$(TARGET_NAME)";
				SWIFT_EMIT_LOC_STRINGS = NO;
				SWIFT_VERSION = 5.0;
				TARGETED_DEVICE_FAMILY = "1,2";
				TEST_TARGET_NAME = "Favorite Movies List";
			};
			name = Debug;
		};
		06983B72271E61BD00527FB6 /* Release */ = {
			isa = XCBuildConfiguration;
			buildSettings = {
				ALWAYS_EMBED_SWIFT_STANDARD_LIBRARIES = YES;
				CODE_SIGN_STYLE = Automatic;
				CURRENT_PROJECT_VERSION = 1;
				DEVELOPMENT_TEAM = XFUR3T8U8Y;
				GENERATE_INFOPLIST_FILE = YES;
				LD_RUNPATH_SEARCH_PATHS = (
					"$(inherited)",
					"@executable_path/Frameworks",
					"@loader_path/Frameworks",
				);
				MARKETING_VERSION = 1.0;
				PRODUCT_BUNDLE_IDENTIFIER = "clc.Favorite-Movies-ListUITests";
				PRODUCT_NAME = "$(TARGET_NAME)";
				SWIFT_EMIT_LOC_STRINGS = NO;
				SWIFT_VERSION = 5.0;
				TARGETED_DEVICE_FAMILY = "1,2";
				TEST_TARGET_NAME = "Favorite Movies List";
			};
			name = Release;
		};
/* End XCBuildConfiguration section */

/* Begin XCConfigurationList section */
		06983B3B271E61BA00527FB6 /* Build configuration list for PBXProject "Favorite Movies List" */ = {
			isa = XCConfigurationList;
			buildConfigurations = (
				06983B68271E61BD00527FB6 /* Debug */,
				06983B69271E61BD00527FB6 /* Release */,
			);
			defaultConfigurationIsVisible = 0;
			defaultConfigurationName = Release;
		};
		06983B6A271E61BD00527FB6 /* Build configuration list for PBXNativeTarget "Favorite Movies List" */ = {
			isa = XCConfigurationList;
			buildConfigurations = (
				06983B6B271E61BD00527FB6 /* Debug */,
				06983B6C271E61BD00527FB6 /* Release */,
			);
			defaultConfigurationIsVisible = 0;
			defaultConfigurationName = Release;
		};
		06983B6D271E61BD00527FB6 /* Build configuration list for PBXNativeTarget "Favorite Movies ListTests" */ = {
			isa = XCConfigurationList;
			buildConfigurations = (
				06983B6E271E61BD00527FB6 /* Debug */,
				06983B6F271E61BD00527FB6 /* Release */,
			);
			defaultConfigurationIsVisible = 0;
			defaultConfigurationName = Release;
		};
		06983B70271E61BD00527FB6 /* Build configuration list for PBXNativeTarget "Favorite Movies ListUITests" */ = {
			isa = XCConfigurationList;
			buildConfigurations = (
				06983B71271E61BD00527FB6 /* Debug */,
				06983B72271E61BD00527FB6 /* Release */,
			);
			defaultConfigurationIsVisible = 0;
			defaultConfigurationName = Release;
		};
/* End XCConfigurationList section */
	};
	rootObject = 06983B38271E61BA00527FB6 /* Project object */;
}
